
Microsoft Visual Studio Solution File, Format Version 12.00
# Visual Studio Version 17
VisualStudioVersion = 17.13.35931.197 d17.13
MinimumVisualStudioVersion = 10.0.40219.1
Project("{FAE04EC0-301F-11D3-BF4B-00C04F79EFBC}") = "MinimalAPITemplate", "MinimalAPITemplate.csproj", "{A10EC605-1410-4D4D-8CE3-79F924BC644A}"
EndProject
Global
	GlobalSection(SolutionConfigurationPlatforms) = preSolution
		Debug|Any CPU = Debug|Any CPU
		Release|Any CPU = Release|Any CPU
	EndGlobalSection
	GlobalSection(ProjectConfigurationPlatforms) = postSolution
		{A10EC605-1410-4D4D-8CE3-79F924BC644A}.Debug|Any CPU.ActiveCfg = Debug|Any CPU
		{A10EC605-1410-4D4D-8CE3-79F924BC644A}.Debug|Any CPU.Build.0 = Debug|Any CPU
		{A10EC605-1410-4D4D-8CE3-79F924BC644A}.Release|Any CPU.ActiveCfg = Release|Any CPU
		{A10EC605-1410-4D4D-8CE3-79F924BC644A}.Release|Any CPU.Build.0 = Release|Any CPU
	EndGlobalSection
	GlobalSection(SolutionProperties) = preSolution
		HideSolutionNode = FALSE
	EndGlobalSection
	GlobalSection(ExtensibilityGlobals) = postSolution
		SolutionGuid = {54731200-B8EE-4B27-8520-0EF295F54180}
	EndGlobalSection
EndGlobal
